lockfile_version: '1'
generated_at: '2026-07-19T19:18:13.403860+00:00'
apm_version: 0.24.1
dependencies:
- repo_url: aoirint/skills
  name: skills
  host: github.com
  resolved_commit: f44dff25f3fa0fec3240448642bcb5590e384c55
  resolved_ref: f44dff25f3fa0fec3240448642bcb5590e384c55
  version: unknown
  virtual_path: .apm/skills/apm-usage
  is_virtual: true
  package_type: claude_skill
  deployed_files:
  - .agents/skills/apm-usage
  - .agents/skills/apm-usage/README.md
  - .agents/skills/apm-usage/SKILL.md
  - .agents/skills/apm-usage/agents/openai.yaml
  - .agents/skills/apm-usage/references/apm-bootstrap.json
  - .agents/skills/apm-usage/scripts/propose_bootstrap_update.py
  - .agents/skills/apm-usage/scripts/propose_bootstrap_update.py.lock
  deployed_file_hashes:
    .agents/skills/apm-usage/README.md: sha256:70351aaebf54291433dfcff86280e87edc757ff4e93e506aa1e8f06a0b913f06
    .agents/skills/apm-usage/SKILL.md: sha256:4ab1b61b61691c3cde11d0a10c9e8bcccb80479f74495dc61d02e8eb763b731b
    .agents/skills/apm-usage/agents/openai.yaml: sha256:931ed250f3abe81dcad27da5b668d7546cd65f528cd37de754dee4c9df1905e0
    .agents/skills/apm-usage/references/apm-bootstrap.json: sha256:3f0be975b2c72da161bc9e65eb57b66f0b0554827d21b37017928e4e858a5c17
    .agents/skills/apm-usage/scripts/propose_bootstrap_update.py: sha256:e29c8a695d1a0d8f9c44b612a58c9462e55f754ef8b739ff7f01d4e1dc2d7530
    .agents/skills/apm-usage/scripts/propose_bootstrap_update.py.lock: sha256:016afc221516f1724533f1623ec77ef8a9a80c06a1ffae431f32f5e063e59986
  content_hash: sha256:ced3e7d4fa0f31de8383591dd3cf594db181b4feeaa8f4244a1a8f66599fe0f3
- repo_url: aoirint/skills
  name: skills
  host: github.com
  resolved_commit: f44dff25f3fa0fec3240448642bcb5590e384c55
  resolved_ref: f44dff25f3fa0fec3240448642bcb5590e384c55
  version: unknown
  virtual_path: .apm/skills/changelog-workflow
  is_virtual: true
  package_type: claude_skill
  deployed_files:
  - .agents/skills/changelog-workflow
  - .agents/skills/changelog-workflow/README.md
  - .agents/skills/changelog-workflow/SKILL.md
  - .agents/skills/changelog-workflow/agents/openai.yaml
  deployed_file_hashes:
    .agents/skills/changelog-workflow/README.md: sha256:7ef8167d26522d95f62b9f11d752487d62b6bfdae05850315189fbe2a19fed83
    .agents/skills/changelog-workflow/SKILL.md: sha256:322f1eb9132c282ddafbcfd2b1c6f7f8186a11bc6602ef1f7db3beab9e916744
    .agents/skills/changelog-workflow/agents/openai.yaml: sha256:6264e6dbd0433ab63370e15033ecb94da8dd131c4edcb1d3f2b9abdeb4f680f1
  content_hash: sha256:e7dba018690728c2b27f9abbf8884696199d32c358a5af1d67efcfb85fe420ea
- repo_url: aoirint/skills
  name: skills
  host: github.com
  resolved_commit: f44dff25f3fa0fec3240448642bcb5590e384c55
  resolved_ref: f44dff25f3fa0fec3240448642bcb5590e384c55
  version: unknown
  virtual_path: .apm/skills/code-quality-check
  is_virtual: true
  package_type: claude_skill
  deployed_files:
  - .agents/skills/code-quality-check
  - .agents/skills/code-quality-check/README.md
  - .agents/skills/code-quality-check/SKILL.md
  - .agents/skills/code-quality-check/agents/openai.yaml
  deployed_file_hashes:
    .agents/skills/code-quality-check/README.md: sha256:b2cfd8bf9c3c7bd16cf86718877fa025396d15a380de88045122c4d162682cc2
    .agents/skills/code-quality-check/SKILL.md: sha256:30d64d4b25d9be96567f3e5f7106609e1a4d9a32b3c3d520d4b3aca459631990
    .agents/skills/code-quality-check/agents/openai.yaml: sha256:69a8a75579e3b47dc69a176417b97441adf81bc54984d3f6bc114e47a68bc9b3
  content_hash: sha256:441e7e4c984be61045b2adfbb09adc58814ef35985b14b7fb8051b5ffd91c604
- repo_url: aoirint/skills
  name: skills
  host: github.com
  resolved_commit: f44dff25f3fa0fec3240448642bcb5590e384c55
  resolved_ref: f44dff25f3fa0fec3240448642bcb5590e384c55
  version: unknown
  virtual_path: .apm/skills/commit-message-quality-check
  is_virtual: true
  package_type: claude_skill
  deployed_files:
  - .agents/skills/commit-message-quality-check
  - .agents/skills/commit-message-quality-check/README.md
  - .agents/skills/commit-message-quality-check/SKILL.md
  - .agents/skills/commit-message-quality-check/agents/openai.yaml
  deployed_file_hashes:
    .agents/skills/commit-message-quality-check/README.md: sha256:c23949080d05f47cce728410ca3190225397aa41ac2015c6f02ee478ec412a24
    .agents/skills/commit-message-quality-check/SKILL.md: sha256:8f3a31aee818171304a58684b8ef01a237ef0863f6fc09718eb1d693ea8464da
    .agents/skills/commit-message-quality-check/agents/openai.yaml: sha256:faffd948a0989dcfc87dcd3b0580c4a7003d01ef436e66dab9f280df57de652c
  content_hash: sha256:816d929c6c0105899fa53e481393704c9d4bbaa8e518b318e109f95f85c40edb
- repo_url: aoirint/skills
  name: skills
  host: github.com
  resolved_commit: f44dff25f3fa0fec3240448642bcb5590e384c55
  resolved_ref: f44dff25f3fa0fec3240448642bcb5590e384c55
  version: unknown
  virtual_path: .apm/skills/flet-project-quality-check
  is_virtual: true
  package_type: claude_skill
  deployed_files:
  - .agents/skills/flet-project-quality-check
  - .agents/skills/flet-project-quality-check/README.md
  - .agents/skills/flet-project-quality-check/SKILL.md
  - .agents/skills/flet-project-quality-check/agents/openai.yaml
  - .agents/skills/flet-project-quality-check/references/architecture-and-ui.md
  - .agents/skills/flet-project-quality-check/references/ci-packaging-security.md
  - .agents/skills/flet-project-quality-check/references/implementation-runbook.md
  - .agents/skills/flet-project-quality-check/references/tooling-and-testing.md
  - .agents/skills/flet-project-quality-check/scripts/check_project.py
  - .agents/skills/flet-project-quality-check/scripts/check_project.py.lock
  deployed_file_hashes:
    .agents/skills/flet-project-quality-check/README.md: sha256:2decda6cca135c83c5b81bbdc52abc002a47ed5163e56871b3421c6c7ccb948a
    .agents/skills/flet-project-quality-check/SKILL.md: sha256:58f98b100c297b7c27ad69b777ed5a07942f376d930aac49f3f9a1e4ef9fecbf
    .agents/skills/flet-project-quality-check/agents/openai.yaml: sha256:87eb0740c7ee3001db763e18b2cb1e5e0cd58a94c7915b73fcbc23ccd97d371e
    .agents/skills/flet-project-quality-check/references/architecture-and-ui.md: sha256:cd3125c5ff0f592376ad1dcd5caadbf570786bc1f9733a3dc7f367065c953495
    .agents/skills/flet-project-quality-check/references/ci-packaging-security.md: sha256:b8b3eab94f226da854aa9f1380fe6dfabb898b164bf7726f5439eda59a8220b6
    .agents/skills/flet-project-quality-check/references/implementation-runbook.md: sha256:a13a9960735cd6dca03f6cd25b79edec3155f373b3cc27d578364595519e4d84
    .agents/skills/flet-project-quality-check/references/tooling-and-testing.md: sha256:f552960672d706db90f1c80b0ee3880b952b1c16952df966fe6ccd232371f1f1
    .agents/skills/flet-project-quality-check/scripts/check_project.py: sha256:3ff0116a0d10db99b077835701e268c6bb3d08f83ea6702891eedf214caddead
    .agents/skills/flet-project-quality-check/scripts/check_project.py.lock: sha256:76042d39ffdbb675188966b4fc41d312b0ec9374a7aa438d4f5e919adcf04c07
  content_hash: sha256:ff6f5fd9e3f696f462ca3c4690259ce958ab01cb260cabb7619aec023540be2e
- repo_url: aoirint/skills
  name: skills
  host: github.com
  resolved_commit: f44dff25f3fa0fec3240448642bcb5590e384c55
  resolved_ref: f44dff25f3fa0fec3240448642bcb5590e384c55
  version: unknown
  virtual_path: .apm/skills/git-worktree-workflow
  is_virtual: true
  package_type: claude_skill
  deployed_files:
  - .agents/skills/git-worktree-workflow
  - .agents/skills/git-worktree-workflow/README.md
  - .agents/skills/git-worktree-workflow/SKILL.md
  - .agents/skills/git-worktree-workflow/agents/openai.yaml
  deployed_file_hashes:
    .agents/skills/git-worktree-workflow/README.md: sha256:fa6483b5919a01b84fa0d6ffcbaae20b84ed3807e18029e8807e61b0ee4f9de9
    .agents/skills/git-worktree-workflow/SKILL.md: sha256:e6e453e43e2036309381cf11ded6499de03281e1b7bbb43b6aba05de59d6ba5b
    .agents/skills/git-worktree-workflow/agents/openai.yaml: sha256:3eb9da73e7a041e77d82f0d5c3a8c67e914575cff8651b71d077db30fe3da99a
  content_hash: sha256:13451e6e6a3d3720aa7ca59c65ac8acedacbc2c2678e989be1e01ced4c7e58ae
- repo_url: aoirint/skills
  name: skills
  host: github.com
  resolved_commit: f44dff25f3fa0fec3240448642bcb5590e384c55
  resolved_ref: f44dff25f3fa0fec3240448642bcb5590e384c55
  version: unknown
  virtual_path: .apm/skills/github-actions-quality-check
  is_virtual: true
  package_type: claude_skill
  deployed_files:
  - .agents/skills/github-actions-quality-check
  - .agents/skills/github-actions-quality-check/README.md
  - .agents/skills/github-actions-quality-check/SKILL.md
  - .agents/skills/github-actions-quality-check/agents/openai.yaml
  deployed_file_hashes:
    .agents/skills/github-actions-quality-check/README.md: sha256:a0767309bb84d170bc30070099a9f091b4c67cc00f790da88799685ab6bbaf5e
    .agents/skills/github-actions-quality-check/SKILL.md: sha256:ab06297b0aee0708c0b5ef0cd4fff66d8c5d784fe15e2718f367fd3b0b9f6139
    .agents/skills/github-actions-quality-check/agents/openai.yaml: sha256:63b8022771cf5e036033c39fd700adf14b1ab23f7df78699474e472a7c28e73d
  content_hash: sha256:c340ad93e12050ce30d2573b6af06c03413d9aee65c3de7ae434028cbaf1bba7
- repo_url: aoirint/skills
  name: skills
  host: github.com
  resolved_commit: f44dff25f3fa0fec3240448642bcb5590e384c55
  resolved_ref: f44dff25f3fa0fec3240448642bcb5590e384c55
  version: unknown
  virtual_path: .apm/skills/gitignore-workflow
  is_virtual: true
  package_type: claude_skill
  deployed_files:
  - .agents/skills/gitignore-workflow
  - .agents/skills/gitignore-workflow/README.md
  - .agents/skills/gitignore-workflow/SKILL.md
  - .agents/skills/gitignore-workflow/agents/openai.yaml
  deployed_file_hashes:
    .agents/skills/gitignore-workflow/README.md: sha256:0de188ebcdd40ea1aec701410e1c2182049b66bc4ec4d83a3bf55685b4267d47
    .agents/skills/gitignore-workflow/SKILL.md: sha256:727549890e7d5e54534098c36aa793dee3e491da307120a8c59ba6a42e8ce456
    .agents/skills/gitignore-workflow/agents/openai.yaml: sha256:f6a9b176003028588ff4c1d9ee4e23c625892d00b65086bf4b6b26a3f896030d
  content_hash: sha256:97bc59c75f621ab746d770d76a544c4575b37be7f6665c486d874f40d4808170
- repo_url: aoirint/skills
  name: skills
  host: github.com
  resolved_commit: f44dff25f3fa0fec3240448642bcb5590e384c55
  resolved_ref: f44dff25f3fa0fec3240448642bcb5590e384c55
  version: unknown
  virtual_path: .apm/skills/issue-quality-check
  is_virtual: true
  package_type: claude_skill
  deployed_files:
  - .agents/skills/issue-quality-check
  - .agents/skills/issue-quality-check/README.md
  - .agents/skills/issue-quality-check/SKILL.md
  - .agents/skills/issue-quality-check/agents/openai.yaml
  deployed_file_hashes:
    .agents/skills/issue-quality-check/README.md: sha256:c4b5915483347d84053b37076071b9f5367caa38e75ed5d1821d0cbe201cc59c
    .agents/skills/issue-quality-check/SKILL.md: sha256:15d0bd7ee53fad247f0f8354803f4c209ae32dcb57fb823be68814a4aeeaf743
    .agents/skills/issue-quality-check/agents/openai.yaml: sha256:e54aa6bbae7cf7d2cf57a95e5749cc1527238295e420ac00d96902ce114e9cdb
  content_hash: sha256:0f3c353db8da5c269c93c0029932e0891d2795f817a34e0dfbb4206317870d89
- repo_url: aoirint/skills
  name: skills
  host: github.com
  resolved_commit: f44dff25f3fa0fec3240448642bcb5590e384c55
  resolved_ref: f44dff25f3fa0fec3240448642bcb5590e384c55
  version: unknown
  virtual_path: .apm/skills/prose-quality-check
  is_virtual: true
  package_type: claude_skill
  deployed_files:
  - .agents/skills/prose-quality-check
  - .agents/skills/prose-quality-check/README.md
  - .agents/skills/prose-quality-check/SKILL.md
  - .agents/skills/prose-quality-check/agents/openai.yaml
  deployed_file_hashes:
    .agents/skills/prose-quality-check/README.md: sha256:8e4d9f8f8fdfba1cf7fe71fa88cac6baffa0d3c7616f744c0e3b1add102be5e7
    .agents/skills/prose-quality-check/SKILL.md: sha256:89f553473800fae3801ccfc9cd2a0a58bc647d17663bc39cd653bff4442367fd
    .agents/skills/prose-quality-check/agents/openai.yaml: sha256:b83e0a5d151e6e20df6f7d97f268955c6abfd105d53820f6baad0de8403fc062
  content_hash: sha256:64b42b29b09a51d21ff699c9a2c32f44c64e548049d40e6d23862ea67eb4deae
- repo_url: aoirint/skills
  name: skills
  host: github.com
  resolved_commit: f44dff25f3fa0fec3240448642bcb5590e384c55
  resolved_ref: f44dff25f3fa0fec3240448642bcb5590e384c55
  version: unknown
  virtual_path: .apm/skills/pull-request-quality-check
  is_virtual: true
  package_type: claude_skill
  deployed_files:
  - .agents/skills/pull-request-quality-check
  - .agents/skills/pull-request-quality-check/README.md
  - .agents/skills/pull-request-quality-check/SKILL.md
  - .agents/skills/pull-request-quality-check/agents/openai.yaml
  - .agents/skills/pull-request-quality-check/references/fallback-pr-body.md
  deployed_file_hashes:
    .agents/skills/pull-request-quality-check/README.md: sha256:5c15de701adc508b9dd828846317f47b0f5b925c5a8842b6c32b4d9e3946e11f
    .agents/skills/pull-request-quality-check/SKILL.md: sha256:78f8002a01787778fa88edf55e8f179db697436d8abbad3d27ed0178402f26cc
    .agents/skills/pull-request-quality-check/agents/openai.yaml: sha256:1ddb931336ca5ce10b9accf92787e36168c1c71a4b999bd85f130144e778bfa4
    .agents/skills/pull-request-quality-check/references/fallback-pr-body.md: sha256:b381d75f9d1f525ce72f594b1cd8a8de37539bf29c5750c139bbd7113f606dfc
  content_hash: sha256:923fca6930189616c39319ec2eb7be8ec999a357a2acf99dda92e6f5b69396c4
- repo_url: aoirint/skills
  name: skills
  host: github.com
  resolved_commit: f44dff25f3fa0fec3240448642bcb5590e384c55
  resolved_ref: f44dff25f3fa0fec3240448642bcb5590e384c55
  version: unknown
  virtual_path: .apm/skills/release-note-workflow
  is_virtual: true
  package_type: claude_skill
  deployed_files:
  - .agents/skills/release-note-workflow
  - .agents/skills/release-note-workflow/README.md
  - .agents/skills/release-note-workflow/SKILL.md
  - .agents/skills/release-note-workflow/agents/openai.yaml
  deployed_file_hashes:
    .agents/skills/release-note-workflow/README.md: sha256:2317bd380a014d3d7b469d95f2d2b8a36f6f4eccad947c265e3653e35a9f6394
    .agents/skills/release-note-workflow/SKILL.md: sha256:0d4ee4f6bf89a864c98a21298e6def368c65226af66a32cf86b0d274e7ce467a
    .agents/skills/release-note-workflow/agents/openai.yaml: sha256:4413fdfcae90efd6d4de975f2e7c53625bdf1e214a32e1b54a65fff9f6258453
  content_hash: sha256:4c4b6ef6c0bd7b5594b7f0294169a1a3f9ddef3a75c08ae6f51645358ede371f
- repo_url: aoirint/skills
  name: skills
  host: github.com
  resolved_commit: f44dff25f3fa0fec3240448642bcb5590e384c55
  resolved_ref: f44dff25f3fa0fec3240448642bcb5590e384c55
  version: unknown
  virtual_path: .apm/skills/security-check
  is_virtual: true
  package_type: claude_skill
  deployed_files:
  - .agents/skills/security-check
  - .agents/skills/security-check/README.md
  - .agents/skills/security-check/SKILL.md
  - .agents/skills/security-check/agents/openai.yaml
  - .agents/skills/security-check/references/external-code-execution.md
  deployed_file_hashes:
    .agents/skills/security-check/README.md: sha256:d321689b998388180ac852fdb6374ab3b79bec508a53d00461a9db79fb246d2e
    .agents/skills/security-check/SKILL.md: sha256:9f96fee336e80827f5d0970eeefe6e8b62ff92a053aefe301ae56b2c766b5191
    .agents/skills/security-check/agents/openai.yaml: sha256:87edf0cc1e8717194d0c536f2d5ac0cc1ac9ec04402311d34e953d2e2b23fa19
    .agents/skills/security-check/references/external-code-execution.md: sha256:87ca817baa02ef6b955e5878f0cd79c875abdb0be6e0177cfce158968e628bc3
  content_hash: sha256:5fc0e13f89b26d738c247d8195ce3f0afbf47b749628568f3ef393f6e8c03f79
- repo_url: aoirint/skills
  name: skills
  host: github.com
  resolved_commit: f44dff25f3fa0fec3240448642bcb5590e384c55
  resolved_ref: f44dff25f3fa0fec3240448642bcb5590e384c55
  version: unknown
  virtual_path: .apm/skills/software-documentation-maintenance
  is_virtual: true
  package_type: claude_skill
  deployed_files:
  - .agents/skills/software-documentation-maintenance
  - .agents/skills/software-documentation-maintenance/README.md
  - .agents/skills/software-documentation-maintenance/SKILL.md
  - .agents/skills/software-documentation-maintenance/agents/openai.yaml
  deployed_file_hashes:
    .agents/skills/software-documentation-maintenance/README.md: sha256:df6442dbefc58dab91b442b51f3ca4a0af5938f844542d35a3c18a721b631861
    .agents/skills/software-documentation-maintenance/SKILL.md: sha256:0932e99396f223467efa0dee704487350a5bb8106e43513a494e6ec3144e50b9
    .agents/skills/software-documentation-maintenance/agents/openai.yaml: sha256:ee6ff516cfb6b9d7a76bacd166c461bc79cd012e0a7e7683aada95e1b5d1ff14
  content_hash: sha256:ab4d649ede95be638990e35c85749def5aa6c448eca77bc5f722e3fa3040c737
